
Microsoft Visual Studio Solution File, Format Version 12.00
# Visual Studio Version 16
VisualStudioVersion = 16.0.31321.278
MinimumVisualStudioVersion = 10.0.40219.1
Project("{FAE04EC0-301F-11D3-BF4B-00C04F79EFBC}") = "TPCSYSACAD_Stamm_Gomez", "TPCSYSACAD_Stamm_Gomez.csproj", "{367EF4FA-8820-4879-B708-D561B32AD51D}"
EndProject
Project("{FAE04EC0-301F-11D3-BF4B-00C04F79EFBC}") = "Negocio", "..\Negocio\Negocio.csproj", "{4B04D376-BFC0-4E4D-87F8-0A2B59C187D0}"
EndProject
Project("{FAE04EC0-301F-11D3-BF4B-00C04F79EFBC}") = "Dominio", "..\Dominio\Dominio.csproj", "{5711C5D0-CF51-479F-AB5F-3045A7520046}"
EndProject
Global
	GlobalSection(SolutionConfigurationPlatforms) = preSolution
		Debug|Any CPU = Debug|Any CPU
		Release|Any CPU = Release|Any CPU
	EndGlobalSection
	GlobalSection(ProjectConfigurationPlatforms) = postSolution
		{367EF4FA-8820-4879-B708-D561B32AD51D}.Debug|Any CPU.ActiveCfg = Debug|Any CPU
		{367EF4FA-8820-4879-B708-D561B32AD51D}.Debug|Any CPU.Build.0 = Debug|Any CPU
		{367EF4FA-8820-4879-B708-D561B32AD51D}.Release|Any CPU.ActiveCfg = Release|Any CPU
		{367EF4FA-8820-4879-B708-D561B32AD51D}.Release|Any CPU.Build.0 = Release|Any CPU
		{4B04D376-BFC0-4E4D-87F8-0A2B59C187D0}.Debug|Any CPU.ActiveCfg = Debug|Any CPU
		{4B04D376-BFC0-4E4D-87F8-0A2B59C187D0}.Debug|Any CPU.Build.0 = Debug|Any CPU
		{4B04D376-BFC0-4E4D-87F8-0A2B59C187D0}.Release|Any CPU.ActiveCfg = Release|Any CPU
		{4B04D376-BFC0-4E4D-87F8-0A2B59C187D0}.Release|Any CPU.Build.0 = Release|Any CPU
		{5711C5D0-CF51-479F-AB5F-3045A7520046}.Debug|Any CPU.ActiveCfg = Debug|Any CPU
		{5711C5D0-CF51-479F-AB5F-3045A7520046}.Debug|Any CPU.Build.0 = Debug|Any CPU
		{5711C5D0-CF51-479F-AB5F-3045A7520046}.Release|Any CPU.ActiveCfg = Release|Any CPU
		{5711C5D0-CF51-479F-AB5F-3045A7520046}.Release|Any CPU.Build.0 = Release|Any CPU
	EndGlobalSection
	GlobalSection(SolutionProperties) = preSolution
		HideSolutionNode = FALSE
	EndGlobalSection
	GlobalSection(ExtensibilityGlobals) = postSolution
		SolutionGuid = {BFC87354-ACD8-4AEF-9F3A-F9BA9F34F769}
	EndGlobalSection
EndGlobal
